
Microsoft Visual Studio Solution File, Format Version 12.00
# Visual Studio Version 17
VisualStudioVersion = 17.11.35222.181
MinimumVisualStudioVersion = 10.0.40219.1
Project("{FAE04EC0-301F-11D3-BF4B-00C04F79EFBC}") = "Person", "Person\Person.csproj", "{04E38FDF-A88E-4888-908F-C735D0F3E93D}"
EndProject
Global
	GlobalSection(SolutionConfigurationPlatforms) = preSolution
		Debug|Any CPU = Debug|Any CPU
		Release|Any CPU = Release|Any CPU
	EndGlobalSection
	GlobalSection(ProjectConfigurationPlatforms) = postSolution
		{04E38FDF-A88E-4888-908F-C735D0F3E93D}.Debug|Any CPU.ActiveCfg = Debug|Any CPU
		{04E38FDF-A88E-4888-908F-C735D0F3E93D}.Debug|Any CPU.Build.0 = Debug|Any CPU
		{04E38FDF-A88E-4888-908F-C735D0F3E93D}.Release|Any CPU.ActiveCfg = Release|Any CPU
		{04E38FDF-A88E-4888-908F-C735D0F3E93D}.Release|Any CPU.Build.0 = Release|Any CPU
	EndGlobalSection
	GlobalSection(SolutionProperties) = preSolution
		HideSolutionNode = FALSE
	EndGlobalSection
	GlobalSection(ExtensibilityGlobals) = postSolution
		SolutionGuid = {EEFF777F-56DC-4FB7-B67D-91E6956667C3}
	EndGlobalSection
EndGlobal
